
Microsoft Visual Studio Solution File, Format Version 12.00
# Visual Studio Version 17
VisualStudioVersion = 17.0.31919.166
MinimumVisualStudioVersion = 10.0.40219.1
Project("{FAE04EC0-301F-11D3-BF4B-00C04F79EFBC}") = "Northwind.SQLite", "Northwind.SQLite.csproj", "{3FA5EA0F-72C5-43F7-B743-27C0760E0E5F}"
EndProject
Global
	GlobalSection(SolutionConfigurationPlatforms) = preSolution
		Debug|Any CPU = Debug|Any CPU
		Release|Any CPU = Release|Any CPU
	EndGlobalSection
	GlobalSection(ProjectConfigurationPlatforms) = postSolution
		{3FA5EA0F-72C5-43F7-B743-27C0760E0E5F}.Debug|Any CPU.ActiveCfg = Debug|Any CPU
		{3FA5EA0F-72C5-43F7-B743-27C0760E0E5F}.Debug|Any CPU.Build.0 = Debug|Any CPU
		{3FA5EA0F-72C5-43F7-B743-27C0760E0E5F}.Release|Any CPU.ActiveCfg = Release|Any CPU
		{3FA5EA0F-72C5-43F7-B743-27C0760E0E5F}.Release|Any CPU.Build.0 = Release|Any CPU
	EndGlobalSection
	GlobalSection(SolutionProperties) = preSolution
		HideSolutionNode = FALSE
	EndGlobalSection
	GlobalSection(ExtensibilityGlobals) = postSolution
		SolutionGuid = {8F1C397D-15E5-48B1-A74B-AC49F59417F2}
	EndGlobalSection
EndGlobal
